
Microsoft Visual Studio Solution File, Format Version 12.00
# Visual Studio Version 17
VisualStudioVersion = 17.8.34309.116
MinimumVisualStudioVersion = 10.0.40219.1
Project("{2150E333-8FDC-42A3-9474-1A3956D46DE8}") = "Doc", "Doc", "{B52B8BB8-F674-471A-868C-CFEE0609D926}"
EndProject
Project("{2150E333-8FDC-42A3-9474-1A3956D46DE8}") = "Src", "Src", "{268A2957-A109-4435-8A05-84155774C7BA}"
EndProject
Project("{2150E333-8FDC-42A3-9474-1A3956D46DE8}") = "Test", "Test", "{6B05BDAB-F883-4958-A2F9-391DBAE048D5}"
EndProject
Project("{2150E333-8FDC-42A3-9474-1A3956D46DE8}") = "Common", "Common", "{8D84E49D-761B-4DED-81C6-1262FA588FFF}"
EndProject
Project("{2150E333-8FDC-42A3-9474-1A3956D46DE8}") = "Core", "Core", "{3DCAC3A2-F1DE-4768-B807-2F58519D69E5}"
EndProject
Project("{2150E333-8FDC-42A3-9474-1A3956D46DE8}") = "Infrastructure", "Infrastructure", "{A4BB746F-BC45-4CFC-A124-F8B27186C98A}"
EndProject
Project("{2150E333-8FDC-42A3-9474-1A3956D46DE8}") = "Presentation", "Presentation", "{8C894DF0-EC65-4A06-BDB5-765867AC6B63}"
EndProject
Project("{9A19103F-16F7-4668-BE54-9A1E7A4F7556}") = "Store_Website.Common", "Store_Website_Common\Store_Website.Common.csproj", "{1F98D608-ADDA-4841-AB1C-B086759B5F8B}"
EndProject
Project("{9A19103F-16F7-4668-BE54-9A1E7A4F7556}") = "Store_Website.Application", "Store_Website.Application\Store_Website.Application.csproj", "{F87DD1E9-E237-4D68-AAF4-5BB5434FAA6F}"
EndProject
Project("{9A19103F-16F7-4668-BE54-9A1E7A4F7556}") = "Store_Website.Domain", "Store_Website.Domain\Store_Website.Domain.csproj", "{392D9251-8A59-4BC6-A5A3-108DC83F5CE2}"
EndProject
Project("{9A19103F-16F7-4668-BE54-9A1E7A4F7556}") = "Store_Website.Infrastructure", "Store_Website.Infrastructure\Store_Website.Infrastructure.csproj", "{BD5901D7-DC5C-4DFB-8E95-1BD451E7FD3A}"
EndProject
Project("{9A19103F-16F7-4668-BE54-9A1E7A4F7556}") = "Store_Website.Persistence", "Store_Website.Persistence\Store_Website.Persistence.csproj", "{1F903DBA-05E0-4615-AB35-F709386810DD}"
EndProject
Project("{9A19103F-16F7-4668-BE54-9A1E7A4F7556}") = "EndPoint.Store", "EndPoint.Store\EndPoint.Store.csproj", "{8DB1879F-6650-43D4-9104-81965DEE6025}"
EndProject
Global
	GlobalSection(SolutionConfigurationPlatforms) = preSolution
		Debug|Any CPU = Debug|Any CPU
		Release|Any CPU = Release|Any CPU
	EndGlobalSection
	GlobalSection(ProjectConfigurationPlatforms) = postSolution
		{1F98D608-ADDA-4841-AB1C-B086759B5F8B}.Debug|Any CPU.ActiveCfg = Debug|Any CPU
		{1F98D608-ADDA-4841-AB1C-B086759B5F8B}.Debug|Any CPU.Build.0 = Debug|Any CPU
		{1F98D608-ADDA-4841-AB1C-B086759B5F8B}.Release|Any CPU.ActiveCfg = Release|Any CPU
		{1F98D608-ADDA-4841-AB1C-B086759B5F8B}.Release|Any CPU.Build.0 = Release|Any CPU
		{F87DD1E9-E237-4D68-AAF4-5BB5434FAA6F}.Debug|Any CPU.ActiveCfg = Debug|Any CPU
		{F87DD1E9-E237-4D68-AAF4-5BB5434FAA6F}.Debug|Any CPU.Build.0 = Debug|Any CPU
		{F87DD1E9-E237-4D68-AAF4-5BB5434FAA6F}.Release|Any CPU.ActiveCfg = Release|Any CPU
		{F87DD1E9-E237-4D68-AAF4-5BB5434FAA6F}.Release|Any CPU.Build.0 = Release|Any CPU
		{392D9251-8A59-4BC6-A5A3-108DC83F5CE2}.Debug|Any CPU.ActiveCfg = Debug|Any CPU
		{392D9251-8A59-4BC6-A5A3-108DC83F5CE2}.Debug|Any CPU.Build.0 = Debug|Any CPU
		{392D9251-8A59-4BC6-A5A3-108DC83F5CE2}.Release|Any CPU.ActiveCfg = Release|Any CPU
		{392D9251-8A59-4BC6-A5A3-108DC83F5CE2}.Release|Any CPU.Build.0 = Release|Any CPU
		{BD5901D7-DC5C-4DFB-8E95-1BD451E7FD3A}.Debug|Any CPU.ActiveCfg = Debug|Any CPU
		{BD5901D7-DC5C-4DFB-8E95-1BD451E7FD3A}.Debug|Any CPU.Build.0 = Debug|Any CPU
		{BD5901D7-DC5C-4DFB-8E95-1BD451E7FD3A}.Release|Any CPU.ActiveCfg = Release|Any CPU
		{BD5901D7-DC5C-4DFB-8E95-1BD451E7FD3A}.Release|Any CPU.Build.0 = Release|Any CPU
		{1F903DBA-05E0-4615-AB35-F709386810DD}.Debug|Any CPU.ActiveCfg = Debug|Any CPU
		{1F903DBA-05E0-4615-AB35-F709386810DD}.Debug|Any CPU.Build.0 = Debug|Any CPU
		{1F903DBA-05E0-4615-AB35-F709386810DD}.Release|Any CPU.ActiveCfg = Release|Any CPU
		{1F903DBA-05E0-4615-AB35-F709386810DD}.Release|Any CPU.Build.0 = Release|Any CPU
		{8DB1879F-6650-43D4-9104-81965DEE6025}.Debug|Any CPU.ActiveCfg = Debug|Any CPU
		{8DB1879F-6650-43D4-9104-81965DEE6025}.Debug|Any CPU.Build.0 = Debug|Any CPU
		{8DB1879F-6650-43D4-9104-81965DEE6025}.Release|Any CPU.ActiveCfg = Release|Any CPU
		{8DB1879F-6650-43D4-9104-81965DEE6025}.Release|Any CPU.Build.0 = Release|Any CPU
	EndGlobalSection
	GlobalSection(SolutionProperties) = preSolution
		HideSolutionNode = FALSE
	EndGlobalSection
	GlobalSection(NestedProjects) = preSolution
		{8D84E49D-761B-4DED-81C6-1262FA588FFF} = {268A2957-A109-4435-8A05-84155774C7BA}
		{3DCAC3A2-F1DE-4768-B807-2F58519D69E5} = {268A2957-A109-4435-8A05-84155774C7BA}
		{A4BB746F-BC45-4CFC-A124-F8B27186C98A} = {268A2957-A109-4435-8A05-84155774C7BA}
		{8C894DF0-EC65-4A06-BDB5-765867AC6B63} = {268A2957-A109-4435-8A05-84155774C7BA}
		{1F98D608-ADDA-4841-AB1C-B086759B5F8B} = {8D84E49D-761B-4DED-81C6-1262FA588FFF}
		{F87DD1E9-E237-4D68-AAF4-5BB5434FAA6F} = {3DCAC3A2-F1DE-4768-B807-2F58519D69E5}
		{392D9251-8A59-4BC6-A5A3-108DC83F5CE2} = {3DCAC3A2-F1DE-4768-B807-2F58519D69E5}
		{BD5901D7-DC5C-4DFB-8E95-1BD451E7FD3A} = {A4BB746F-BC45-4CFC-A124-F8B27186C98A}
		{1F903DBA-05E0-4615-AB35-F709386810DD} = {A4BB746F-BC45-4CFC-A124-F8B27186C98A}
		{8DB1879F-6650-43D4-9104-81965DEE6025} = {8C894DF0-EC65-4A06-BDB5-765867AC6B63}
	EndGlobalSection
	GlobalSection(ExtensibilityGlobals) = postSolution
		SolutionGuid = {C8D0200F-2BB9-4EB0-85DD-1D4D11C92FF8}
	EndGlobalSection
EndGlobal
